{
  "name": "nalascriptinjs",
  "lockfileVersion": 3,
  "requires": true,
  "packages": {
    "": {
      "name": "nalascriptinjs",
      "workspaces": [
        "packages/*"
      ],
      "dependencies": {
        "compile": "0.0.2",
        "parse": "1.0.0",
        "static-analysis": ""
      },
      "devDependencies": {
        "@types/bun": "latest"
      },
      "peerDependencies": {
        "typescript": "^5.0.0"
      }
    },
    "node_modules/@types/bun": {
      "version": "1.3.14",
      "resolved": "https://registry.npmjs.org/@types/bun/-/bun-1.3.14.tgz",
      "integrity": "sha512-h1hFqFVcvAvD9j9K7ZW7vd82aSA+rTdznZa+5bwvCwqSB1jmmfLcbIWhOLx1/+boy/xmjgCs/OMUL8hRJSmnPw==",
      "dev": true,
      "license": "MIT",
      "dependencies": {
        "bun-types": "1.3.14"
      }
    },
    "node_modules/@types/node": {
      "version": "25.9.1",
      "dev": true,
      "license": "MIT",
      "dependencies": {
        "undici-types": ">=7.24.0 <7.24.7"
      }
    },
    "node_modules/bun-types": {
      "version": "1.3.14",
      "dev": true,
      "license": "MIT",
      "dependencies": {
        "@types/node": "*"
      }
    },
    "node_modules/compile": {
      "resolved": "packages/compile",
      "link": true
    },
    "node_modules/parse": {
      "resolved": "packages/parse",
      "link": true
    },
    "node_modules/static-analysis": {
      "version": "2.1.1",
      "resolved": "https://registry.npmjs.org/static-analysis/-/static-analysis-2.1.1.tgz",
      "integrity": "sha512-DRhwrFMRr/pYTLweu0zLIDYOUhSIppztown3Vkfoap+plIXBaWrBCJSNvSrmWzMrhIoH52Ry/q0un5DY4tkHow==",
      "license": "SEE LICENSE IN LICENSE"
    },
    "node_modules/staticanalysis": {
      "resolved": "packages/staticAnalysis",
      "link": true
    },
    "node_modules/typescript": {
      "version": "5.9.3",
      "license": "Apache-2.0",
      "peer": true,
      "bin": {
        "tsc": "bin/tsc",
        "tsserver": "bin/tsserver"
      },
      "engines": {
        "node": ">=14.17"
      }
    },
    "node_modules/undici-types": {
      "version": "7.24.6",
      "dev": true,
      "license": "MIT"
    },
    "packages/compile": {
      "devDependencies": {
        "@types/bun": "latest"
      },
      "peerDependencies": {
        "typescript": "^5.0.0"
      }
    },
    "packages/compile/node_modules/typescript": {
      "version": "5.9.3",
      "license": "Apache-2.0",
      "peer": true,
      "bin": {
        "tsc": "bin/tsc",
        "tsserver": "bin/tsserver"
      },
      "engines": {
        "node": ">=14.17"
      }
    },
    "packages/nalascript": {
      "extraneous": true,
      "dependencies": {
        "parse": "file:../parse"
      },
      "devDependencies": {
        "@types/bun": "latest"
      },
      "peerDependencies": {
        "typescript": "^5.0.0"
      }
    },
    "packages/parse": {
      "version": "1.0.0",
      "license": "ISC",
      "devDependencies": {
        "@types/node": "^25.9.1",
        "bun-types": "^1.3.14"
      }
    },
    "packages/parseNS": {
      "name": "parse",
      "version": "1.0.0",
      "extraneous": true,
      "license": "ISC",
      "devDependencies": {
        "@types/node": "^25.9.1",
        "bun-types": "^1.3.14"
      }
    },
    "packages/staticAnalysis": {
      "name": "staticanalysis",
      "dependencies": {
        "@types/node": "^25.9.1"
      },
      "devDependencies": {
        "@types/bun": "latest"
      },
      "peerDependencies": {
        "typescript": "^5.0.0"
      }
    },
    "packages/staticAnalysis/node_modules/@types/node": {
      "version": "25.9.1",
      "license": "MIT",
      "dependencies": {
        "undici-types": ">=7.24.0 <7.24.7"
      }
    },
    "packages/staticAnalysis/node_modules/typescript": {
      "version": "5.9.3",
      "license": "Apache-2.0",
      "peer": true,
      "bin": {
        "tsc": "bin/tsc",
        "tsserver": "bin/tsserver"
      },
      "engines": {
        "node": ">=14.17"
      }
    },
    "packages/staticAnalysis/node_modules/undici-types": {
      "version": "7.24.6",
      "license": "MIT"
    }
  }
}
